Microsoft Visual Studio Solution File, Format Version 12.00
# Visual Studio Version 17
VisualStudioVersion = 17.5.2.0
MinimumVisualStudioVersion = 10.0.40219.1
Project("{2150E333-8FDC-42A3-9474-1A3956D46DE8}") = "services", "services", "{5854FF58-B8C5-05C6-5BF2-ACE42193F22B}"
EndProject
Project("{2150E333-8FDC-42A3-9474-1A3956D46DE8}") = "auth", "auth", "{FE3FB199-55FF-42D1-1FD0-08473B5A7350}"
EndProject
Project("{2150E333-8FDC-42A3-9474-1A3956D46DE8}") = "src", "src", "{835BCD8C-DD8B-24F3-25EC-71630B8C5629}"
EndProject
Project("{FAE04EC0-301F-11D3-BF4B-00C04F79EFBC}") = "Auth.Api", "services\auth\src\Auth.Api\Auth.Api.csproj", "{A700640D-0B45-EBF0-3377-65E7DFDD2506}"
EndProject
Project("{FAE04EC0-301F-11D3-BF4B-00C04F79EFBC}") = "Auth.Application", "services\auth\src\Auth.Application\Auth.Application.csproj", "{A227AF4A-3C02-47A1-6724-4106DFCC7CC5}"
EndProject
Project("{FAE04EC0-301F-11D3-BF4B-00C04F79EFBC}") = "Auth.Domain", "services\auth\src\Auth.Domain\Auth.Domain.csproj", "{AB174CC3-539A-DD25-2D68-C3E7E87E8EF7}"
EndProject
Project("{FAE04EC0-301F-11D3-BF4B-00C04F79EFBC}") = "Auth.Infrastructure", "services\auth\src\Auth.Infrastructure\Auth.Infrastructure.csproj", "{F0C3CE1A-33E8-5C5C-1B65-2D81023EA778}"
EndProject
Project("{2150E333-8FDC-42A3-9474-1A3956D46DE8}") = "tests", "tests", "{1B88E17A-E2F6-A931-3EB3-9CC35C77D301}"
EndProject
Project("{FAE04EC0-301F-11D3-BF4B-00C04F79EFBC}") = "Auth.Tests", "services\auth\tests\Auth.Tests\Auth.Tests.csproj", "{C1227A3F-D275-EB21-8C96-E2B046CF4839}"
EndProject
Global
	GlobalSection(SolutionConfigurationPlatforms) = preSolution
		Debug|Any CPU = Debug|Any CPU
		Release|Any CPU = Release|Any CPU
	EndGlobalSection
	GlobalSection(ProjectConfigurationPlatforms) = postSolution
		{A700640D-0B45-EBF0-3377-65E7DFDD2506}.Debug|Any CPU.ActiveCfg = Debug|Any CPU
		{A700640D-0B45-EBF0-3377-65E7DFDD2506}.Debug|Any CPU.Build.0 = Debug|Any CPU
		{A700640D-0B45-EBF0-3377-65E7DFDD2506}.Release|Any CPU.ActiveCfg = Release|Any CPU
		{A700640D-0B45-EBF0-3377-65E7DFDD2506}.Release|Any CPU.Build.0 = Release|Any CPU
		{A227AF4A-3C02-47A1-6724-4106DFCC7CC5}.Debug|Any CPU.ActiveCfg = Debug|Any CPU
		{A227AF4A-3C02-47A1-6724-4106DFCC7CC5}.Debug|Any CPU.Build.0 = Debug|Any CPU
		{A227AF4A-3C02-47A1-6724-4106DFCC7CC5}.Release|Any CPU.ActiveCfg = Release|Any CPU
		{A227AF4A-3C02-47A1-6724-4106DFCC7CC5}.Release|Any CPU.Build.0 = Release|Any CPU
		{AB174CC3-539A-DD25-2D68-C3E7E87E8EF7}.Debug|Any CPU.ActiveCfg = Debug|Any CPU
		{AB174CC3-539A-DD25-2D68-C3E7E87E8EF7}.Debug|Any CPU.Build.0 = Debug|Any CPU
		{AB174CC3-539A-DD25-2D68-C3E7E87E8EF7}.Release|Any CPU.ActiveCfg = Release|Any CPU
		{AB174CC3-539A-DD25-2D68-C3E7E87E8EF7}.Release|Any CPU.Build.0 = Release|Any CPU
		{F0C3CE1A-33E8-5C5C-1B65-2D81023EA778}.Debug|Any CPU.ActiveCfg = Debug|Any CPU
		{F0C3CE1A-33E8-5C5C-1B65-2D81023EA778}.Debug|Any CPU.Build.0 = Debug|Any CPU
		{F0C3CE1A-33E8-5C5C-1B65-2D81023EA778}.Release|Any CPU.ActiveCfg = Release|Any CPU
		{F0C3CE1A-33E8-5C5C-1B65-2D81023EA778}.Release|Any CPU.Build.0 = Release|Any CPU
		{C1227A3F-D275-EB21-8C96-E2B046CF4839}.Debug|Any CPU.ActiveCfg = Debug|Any CPU
		{C1227A3F-D275-EB21-8C96-E2B046CF4839}.Debug|Any CPU.Build.0 = Debug|Any CPU
		{C1227A3F-D275-EB21-8C96-E2B046CF4839}.Release|Any CPU.ActiveCfg = Release|Any CPU
		{C1227A3F-D275-EB21-8C96-E2B046CF4839}.Release|Any CPU.Build.0 = Release|Any CPU
	EndGlobalSection
	GlobalSection(SolutionProperties) = preSolution
		HideSolutionNode = FALSE
	EndGlobalSection
	GlobalSection(NestedProjects) = preSolution
		{FE3FB199-55FF-42D1-1FD0-08473B5A7350} = {5854FF58-B8C5-05C6-5BF2-ACE42193F22B}
		{835BCD8C-DD8B-24F3-25EC-71630B8C5629} = {FE3FB199-55FF-42D1-1FD0-08473B5A7350}
		{A700640D-0B45-EBF0-3377-65E7DFDD2506} = {835BCD8C-DD8B-24F3-25EC-71630B8C5629}
		{A227AF4A-3C02-47A1-6724-4106DFCC7CC5} = {835BCD8C-DD8B-24F3-25EC-71630B8C5629}
		{AB174CC3-539A-DD25-2D68-C3E7E87E8EF7} = {835BCD8C-DD8B-24F3-25EC-71630B8C5629}
		{F0C3CE1A-33E8-5C5C-1B65-2D81023EA778} = {835BCD8C-DD8B-24F3-25EC-71630B8C5629}
		{1B88E17A-E2F6-A931-3EB3-9CC35C77D301} = {FE3FB199-55FF-42D1-1FD0-08473B5A7350}
		{C1227A3F-D275-EB21-8C96-E2B046CF4839} = {1B88E17A-E2F6-A931-3EB3-9CC35C77D301}
	EndGlobalSection
	GlobalSection(ExtensibilityGlobals) = postSolution
		SolutionGuid = {0832E683-7158-43BE-9DD9-FC1E167A9429}
	EndGlobalSection
EndGlobal
